
Microsoft Visual Studio Solution File, Format Version 12.00
# Visual Studio 15
VisualStudioVersion = 15.0.28010.0
MinimumVisualStudioVersion = 10.0.40219.1
Project("{9A19103F-16F7-4668-BE54-9A1E7A4F7556}") = "HyperWalletLibrary", "HyperWalletLibrary\HyperWalletLibrary.csproj", "{AB037446-1EFF-4CD3-82B5-004D7C4517F6}"
EndProject
Project("{FAE04EC0-301F-11D3-BF4B-00C04F79EFBC}") = "HyperWalletLibraryXUnitTests", "HyperWalletLibraryXUnitTests\HyperWalletLibraryXUnitTests.csproj", "{AB9FEC4B-77FA-431D-8982-C5071C373FFE}"
EndProject
Global
	GlobalSection(SolutionConfigurationPlatforms) = preSolution
		Debug|Any CPU = Debug|Any CPU
		Release|Any CPU = Release|Any CPU
	EndGlobalSection
	GlobalSection(ProjectConfigurationPlatforms) = postSolution
		{AB037446-1EFF-4CD3-82B5-004D7C4517F6}.Debug|Any CPU.ActiveCfg = Debug|Any CPU
		{AB037446-1EFF-4CD3-82B5-004D7C4517F6}.Debug|Any CPU.Build.0 = Debug|Any CPU
		{AB037446-1EFF-4CD3-82B5-004D7C4517F6}.Release|Any CPU.ActiveCfg = Release|Any CPU
		{AB037446-1EFF-4CD3-82B5-004D7C4517F6}.Release|Any CPU.Build.0 = Release|Any CPU
		{AB9FEC4B-77FA-431D-8982-C5071C373FFE}.Debug|Any CPU.ActiveCfg = Debug|Any CPU
		{AB9FEC4B-77FA-431D-8982-C5071C373FFE}.Debug|Any CPU.Build.0 = Debug|Any CPU
		{AB9FEC4B-77FA-431D-8982-C5071C373FFE}.Release|Any CPU.ActiveCfg = Release|Any CPU
		{AB9FEC4B-77FA-431D-8982-C5071C373FFE}.Release|Any CPU.Build.0 = Release|Any CPU
	EndGlobalSection
	GlobalSection(SolutionProperties) = preSolution
		HideSolutionNode = FALSE
	EndGlobalSection
	GlobalSection(ExtensibilityGlobals) = postSolution
		SolutionGuid = {3FE14974-A1B9-4DAA-A496-C9C077D1CAB6}
	EndGlobalSection
EndGlobal
